
Microsoft Visual Studio Solution File, Format Version 12.00
# Visual Studio Version 17
VisualStudioVersion = 17.6.33815.320
MinimumVisualStudioVersion = 10.0.40219.1
Project("{FAE04EC0-301F-11D3-BF4B-00C04F79EFBC}") = "mini-quiz", "mini-quiz\mini-quiz.csproj", "{19972827-CB36-4BAC-90ED-ACB4500C94AD}"
EndProject
Global
	GlobalSection(SolutionConfigurationPlatforms) = preSolution
		Debug|Any CPU = Debug|Any CPU
		Release|Any CPU = Release|Any CPU
	EndGlobalSection
	GlobalSection(ProjectConfigurationPlatforms) = postSolution
		{19972827-CB36-4BAC-90ED-ACB4500C94AD}.Debug|Any CPU.ActiveCfg = Debug|Any CPU
		{19972827-CB36-4BAC-90ED-ACB4500C94AD}.Debug|Any CPU.Build.0 = Debug|Any CPU
		{19972827-CB36-4BAC-90ED-ACB4500C94AD}.Release|Any CPU.ActiveCfg = Release|Any CPU
		{19972827-CB36-4BAC-90ED-ACB4500C94AD}.Release|Any CPU.Build.0 = Release|Any CPU
	EndGlobalSection
	GlobalSection(SolutionProperties) = preSolution
		HideSolutionNode = FALSE
	EndGlobalSection
	GlobalSection(ExtensibilityGlobals) = postSolution
		SolutionGuid = {5474AE6A-2F43-40B4-8A72-74061F76171E}
	EndGlobalSection
EndGlobal
